
Microsoft Visual Studio Solution File, Format Version 12.00
# Visual Studio Version 17
VisualStudioVersion = 17.7.34221.43
MinimumVisualStudioVersion = 10.0.40219.1
Project("{FAE04EC0-301F-11D3-BF4B-00C04F79EFBC}") = "ArrayAssignment2", "ArrayAssignment2\ArrayAssignment2.csproj", "{A92379FF-F4F3-4650-88DA-93DB6BE7AEF5}"
EndProject
Global
	GlobalSection(SolutionConfigurationPlatforms) = preSolution
		Debug|Any CPU = Debug|Any CPU
		Release|Any CPU = Release|Any CPU
	EndGlobalSection
	GlobalSection(ProjectConfigurationPlatforms) = postSolution
		{A92379FF-F4F3-4650-88DA-93DB6BE7AEF5}.Debug|Any CPU.ActiveCfg = Debug|Any CPU
		{A92379FF-F4F3-4650-88DA-93DB6BE7AEF5}.Debug|Any CPU.Build.0 = Debug|Any CPU
		{A92379FF-F4F3-4650-88DA-93DB6BE7AEF5}.Release|Any CPU.ActiveCfg = Release|Any CPU
		{A92379FF-F4F3-4650-88DA-93DB6BE7AEF5}.Release|Any CPU.Build.0 = Release|Any CPU
	EndGlobalSection
	GlobalSection(SolutionProperties) = preSolution
		HideSolutionNode = FALSE
	EndGlobalSection
	GlobalSection(ExtensibilityGlobals) = postSolution
		SolutionGuid = {DC9A6372-50CA-488F-A923-7A60AFF5AFAE}
	EndGlobalSection
EndGlobal
